// !$*UTF8*$!
{
	archiveVersion = 1;
	classes = {
	};
	objectVersion = 51;
	objects = {

/* Begin PBXBuildFile section */
		0A4AE999D1AA8B5DE9F998C6 /* Pods_The_Rick_and_Morty_Characters_The_Rick_and_Morty_Characters_Tests.framework in Frameworks */ = {isa = PBXBuildFile; fileRef = A01459BE7B40C6BF4E950FA8 /* Pods_The_Rick_and_Morty_Characters_The_Rick_and_Morty_Characters_Tests.framework */; };
		602583CFEB480A0BCF3BCEA3 /* Pods_The_Rick_and_Morty_Characters.framework in Frameworks */ = {isa = PBXBuildFile; fileRef = BF2A729EEEF98BF70A480854 /* Pods_The_Rick_and_Morty_Characters.framework */; };
		A72D9A0326A2637F00DF51E0 /* Character.swift in Sources */ = {isa = PBXBuildFile; fileRef = A72D9A0226A2637F00DF51E0 /* Character.swift */; };
		A72D9A0526A2661100DF51E0 /* RickAndMortyAPI.swift in Sources */ = {isa = PBXBuildFile; fileRef = A72D9A0426A2661100DF51E0 /* RickAndMortyAPI.swift */; };
		A72D9A0726A26A8800DF51E0 /* CharactersListScenePresenter.swift in Sources */ = {isa = PBXBuildFile; fileRef = A72D9A0626A26A8800DF51E0 /* CharactersListScenePresenter.swift */; };
		A72D9A0A26A28ECE00DF51E0 /* RMTableViewCell.swift in Sources */ = {isa = PBXBuildFile; fileRef = A72D9A0926A28ECE00DF51E0 /* RMTableViewCell.swift */; };
		A72D9A0D26A29DFE00DF51E0 /* UIImageView+Ext.swift in Sources */ = {isa = PBXBuildFile; fileRef = A72D9A0C26A29DFE00DF51E0 /* UIImageView+Ext.swift */; };
		A72D9A1026A2B31900DF51E0 /* CharacterDetailSceneViewController.swift in Sources */ = {isa = PBXBuildFile; fileRef = A72D9A0F26A2B31900DF51E0 /* CharacterDetailSceneViewController.swift */; };
		A72D9A1226A2B72C00DF51E0 /* CharactersListSceneRouter.swift in Sources */ = {isa = PBXBuildFile; fileRef = A72D9A1126A2B72C00DF51E0 /* CharactersListSceneRouter.swift */; };
		A72D9A1526A2B86200DF51E0 /* GeneralRouter.swift in Sources */ = {isa = PBXBuildFile; fileRef = A72D9A1426A2B86200DF51E0 /* GeneralRouter.swift */; };
		A72D9A1726A2BB5200DF51E0 /* CharacterDetailSceneInteractor.swift in Sources */ = {isa = PBXBuildFile; fileRef = A72D9A1626A2BB5200DF51E0 /* CharacterDetailSceneInteractor.swift */; };
		A72D9A1926A2BBB200DF51E0 /* CharacterDetailSceneRouter.swift in Sources */ = {isa = PBXBuildFile; fileRef = A72D9A1826A2BBB200DF51E0 /* CharacterDetailSceneRouter.swift */; };
		A72D9A1B26A2BEBD00DF51E0 /* CharacterDetailSceneModels.swift in Sources */ = {isa = PBXBuildFile; fileRef = A72D9A1A26A2BEBD00DF51E0 /* CharacterDetailSceneModels.swift */; };
		A72D9A1D26A2BF7B00DF51E0 /* CharacterDetailScenePresenter.swift in Sources */ = {isa = PBXBuildFile; fileRef = A72D9A1C26A2BF7A00DF51E0 /* CharacterDetailScenePresenter.swift */; };
		A72F30DE26A4AD3200F8CACF /* CharactersListSceneConfigurator.swift in Sources */ = {isa = PBXBuildFile; fileRef = A72F30DD26A4AD3200F8CACF /* CharactersListSceneConfigurator.swift */; };
		A72F30E026A4B36000F8CACF /* CharacterDetailSceneConfigurator.swift in Sources */ = {isa = PBXBuildFile; fileRef = A72F30DF26A4B36000F8CACF /* CharacterDetailSceneConfigurator.swift */; };
		A72F30E226A4B46E00F8CACF /* LoginConfigurator.swift in Sources */ = {isa = PBXBuildFile; fileRef = A72F30E126A4B46E00F8CACF /* LoginConfigurator.swift */; };
		A78A8E6026A3C00D0047930E /* CharacterDetailSceneInteractorTests.swift in Sources */ = {isa = PBXBuildFile; fileRef = A78A8E5F26A3C00D0047930E /* CharacterDetailSceneInteractorTests.swift */; };
		A78A8E6226A3C2E60047930E /* CharacterDetailScenePresenterTests.swift in Sources */ = {isa = PBXBuildFile; fileRef = A78A8E6126A3C2E60047930E /* CharacterDetailScenePresenterTests.swift */; };
		A7B680CE26A2EAB700F060AD /* LoginViewController.swift in Sources */ = {isa = PBXBuildFile; fileRef = A7B680CD26A2EAB700F060AD /* LoginViewController.swift */; };
		A7B680D026A2F68600F060AD /* LoginRouter.swift in Sources */ = {isa = PBXBuildFile; fileRef = A7B680CF26A2F68600F060AD /* LoginRouter.swift */; };
		A7B680D226A2FB8C00F060AD /* UIWindow+Ext.swift in Sources */ = {isa = PBXBuildFile; fileRef = A7B680D126A2FB8C00F060AD /* UIWindow+Ext.swift */; };
		A7B680D426A35DD800F060AD /* GoogleService-Info.plist in Resources */ = {isa = PBXBuildFile; fileRef = A7B680D326A35DD800F060AD /* GoogleService-Info.plist */; };
		A7F7A92C26A243FA00E323A6 /* AppDelegate.swift in Sources */ = {isa = PBXBuildFile; fileRef = A7F7A92B26A243FA00E323A6 /* AppDelegate.swift */; };
		A7F7A92E26A243FA00E323A6 /* SceneDelegate.swift in Sources */ = {isa = PBXBuildFile; fileRef = A7F7A92D26A243FA00E323A6 /* SceneDelegate.swift */; };
		A7F7A93526A243FD00E323A6 /* Assets.xcassets in Resources */ = {isa = PBXBuildFile; fileRef = A7F7A93426A243FD00E323A6 /* Assets.xcassets */; };
		A7F7A93826A243FD00E323A6 /* LaunchScreen.storyboard in Resources */ = {isa = PBXBuildFile; fileRef = A7F7A93626A243FD00E323A6 /* LaunchScreen.storyboard */; };
		A7F7A95526A2480700E323A6 /* CharactersListSceneViewController.swift in Sources */ = {isa = PBXBuildFile; fileRef = A7F7A95426A2480700E323A6 /* CharactersListSceneViewController.swift */; };
		A7F7A95826A24B5300E323A6 /* RickAndMortyAPICaller.swift in Sources */ = {isa = PBXBuildFile; fileRef = A7F7A95726A24B5300E323A6 /* RickAndMortyAPICaller.swift */; };
		A7F7A95A26A2579D00E323A6 /* CharactersListSceneInteractor.swift in Sources */ = {isa = PBXBuildFile; fileRef = A7F7A95926A2579D00E323A6 /* CharactersListSceneInteractor.swift */; };
		A7F7A95C26A2586200E323A6 /* CharactersListSceneModels.swift in Sources */ = {isa = PBXBuildFile; fileRef = A7F7A95B26A2586200E323A6 /* CharactersListSceneModels.swift */; };
		A7F7A95E26A259CF00E323A6 /* CharactersListSceneWorker.swift in Sources */ = {isa = PBXBuildFile; fileRef = A7F7A95D26A259CF00E323A6 /* CharactersListSceneWorker.swift */; };
		A7F7AC9126A38C5300F47328 /* GeneralRouterTests.swift in Sources */ = {isa = PBXBuildFile; fileRef = A7F7AC9026A38C5300F47328 /* GeneralRouterTests.swift */; };
		A7F7AC9B26A3A8AE00F47328 /* RickAndMortyAPICallerTests.swift in Sources */ = {isa = PBXBuildFile; fileRef = A7F7AC9A26A3A8AE00F47328 /* RickAndMortyAPICallerTests.swift */; };
		A7F7AC9F26A3AA8700F47328 /* charactersPage1.json in Resources */ = {isa = PBXBuildFile; fileRef = A7F7AC9E26A3AA8700F47328 /* charactersPage1.json */; };
		A7F7ACA126A3AA9000F47328 /* charactersPage2.json in Resources */ = {isa = PBXBuildFile; fileRef = A7F7ACA026A3AA8F00F47328 /* charactersPage2.json */; };
		A7F7ACA326A3B4CB00F47328 /* URLProtocolMock.swift in Sources */ = {isa = PBXBuildFile; fileRef = A7F7ACA226A3B4CB00F47328 /* URLProtocolMock.swift */; };
/* End PBXBuildFile section */

/* Begin PBXContainerItemProxy section */
		A7F7AC8926A38B0B00F47328 /* PBXContainerItemProxy */ = {
			isa = PBXContainerItemProxy;
			containerPortal = A7F7A92026A243FA00E323A6 /* Project object */;
			proxyType = 1;
			remoteGlobalIDString = A7F7A92726A243FA00E323A6;
			remoteInfo = "The Rick and Morty Characters";
		};
/* End PBXContainerItemProxy section */

/* Begin PBXFileReference section */
		2AD8651085E411EA37B0DE9B /* Pods-The Rick and Morty Characters-The Rick and Morty Characters Tests.release.xcconfig */ = {isa = PBXFileReference; includeInIndex = 1; lastKnownFileType = text.xcconfig; name = "Pods-The Rick and Morty Characters-The Rick and Morty Characters Tests.release.xcconfig"; path = "Target Support Files/Pods-The Rick and Morty Characters-The Rick and Morty Characters Tests/Pods-The Rick and Morty Characters-The Rick and Morty Characters Tests.release.xcconfig"; sourceTree = "<group>"; };
		87B5F7480B45EA8A5E039C0E /* Pods-The Rick and Morty Characters.release.xcconfig */ = {isa = PBXFileReference; includeInIndex = 1; lastKnownFileType = text.xcconfig; name = "Pods-The Rick and Morty Characters.release.xcconfig"; path = "Target Support Files/Pods-The Rick and Morty Characters/Pods-The Rick and Morty Characters.release.xcconfig"; sourceTree = "<group>"; };
		A01459BE7B40C6BF4E950FA8 /* Pods_The_Rick_and_Morty_Characters_The_Rick_and_Morty_Characters_Tests.framework */ = {isa = PBXFileReference; explicitFileType = wrapper.framework; includeInIndex = 0; path = Pods_The_Rick_and_Morty_Characters_The_Rick_and_Morty_Characters_Tests.framework; sourceTree = BUILT_PRODUCTS_DIR; };
		A6653B0BB58ABF3828B109AC /* Pods-The Rick and Morty Characters.debug.xcconfig */ = {isa = PBXFileReference; includeInIndex = 1; lastKnownFileType = text.xcconfig; name = "Pods-The Rick and Morty Characters.debug.xcconfig"; path = "Target Support Files/Pods-The Rick and Morty Characters/Pods-The Rick and Morty Characters.debug.xcconfig"; sourceTree = "<group>"; };
		A72D9A0226A2637F00DF51E0 /* Character.swift */ = {isa = PBXFileReference; lastKnownFileType = sourcecode.swift; path = Character.swift; sourceTree = "<group>"; };
		A72D9A0426A2661100DF51E0 /* RickAndMortyAPI.swift */ = {isa = PBXFileReference; lastKnownFileType = sourcecode.swift; path = RickAndMortyAPI.swift; sourceTree = "<group>"; };
		A72D9A0626A26A8800DF51E0 /* CharactersListScenePresenter.swift */ = {isa = PBXFileReference; lastKnownFileType = sourcecode.swift; path = CharactersListScenePresenter.swift; sourceTree = "<group>"; };
		A72D9A0926A28ECE00DF51E0 /* RMTableViewCell.swift */ = {isa = PBXFileReference; lastKnownFileType = sourcecode.swift; path = RMTableViewCell.swift; sourceTree = "<group>"; };
		A72D9A0C26A29DFE00DF51E0 /* UIImageView+Ext.swift */ = {isa = PBXFileReference; lastKnownFileType = sourcecode.swift; path = "UIImageView+Ext.swift"; sourceTree = "<group>"; };
		A72D9A0F26A2B31900DF51E0 /* CharacterDetailSceneViewController.swift */ = {isa = PBXFileReference; lastKnownFileType = sourcecode.swift; path = CharacterDetailSceneViewController.swift; sourceTree = "<group>"; };
		A72D9A1126A2B72C00DF51E0 /* CharactersListSceneRouter.swift */ = {isa = PBXFileReference; lastKnownFileType = sourcecode.swift; path = CharactersListSceneRouter.swift; sourceTree = "<group>"; };
		A72D9A1426A2B86200DF51E0 /* GeneralRouter.swift */ = {isa = PBXFileReference; lastKnownFileType = sourcecode.swift; path = GeneralRouter.swift; sourceTree = "<group>"; };
		A72D9A1626A2BB5200DF51E0 /* CharacterDetailSceneInteractor.swift */ = {isa = PBXFileReference; lastKnownFileType = sourcecode.swift; path = CharacterDetailSceneInteractor.swift; sourceTree = "<group>"; };
		A72D9A1826A2BBB200DF51E0 /* CharacterDetailSceneRouter.swift */ = {isa = PBXFileReference; lastKnownFileType = sourcecode.swift; path = CharacterDetailSceneRouter.swift; sourceTree = "<group>"; };
		A72D9A1A26A2BEBD00DF51E0 /* CharacterDetailSceneModels.swift */ = {isa = PBXFileReference; lastKnownFileType = sourcecode.swift; path = CharacterDetailSceneModels.swift; sourceTree = "<group>"; };
		A72D9A1C26A2BF7A00DF51E0 /* CharacterDetailScenePresenter.swift */ = {isa = PBXFileReference; lastKnownFileType = sourcecode.swift; path = CharacterDetailScenePresenter.swift; sourceTree = "<group>"; };
		A72F30DD26A4AD3200F8CACF /* CharactersListSceneConfigurator.swift */ = {isa = PBXFileReference; lastKnownFileType = sourcecode.swift; path = CharactersListSceneConfigurator.swift; sourceTree = "<group>"; };
		A72F30DF26A4B36000F8CACF /* CharacterDetailSceneConfigurator.swift */ = {isa = PBXFileReference; lastKnownFileType = sourcecode.swift; path = CharacterDetailSceneConfigurator.swift; sourceTree = "<group>"; };
		A72F30E126A4B46E00F8CACF /* LoginConfigurator.swift */ = {isa = PBXFileReference; lastKnownFileType = sourcecode.swift; path = LoginConfigurator.swift; sourceTree = "<group>"; };
		A78A8E5F26A3C00D0047930E /* CharacterDetailSceneInteractorTests.swift */ = {isa = PBXFileReference; lastKnownFileType = sourcecode.swift; path = CharacterDetailSceneInteractorTests.swift; sourceTree = "<group>"; };
		A78A8E6126A3C2E60047930E /* CharacterDetailScenePresenterTests.swift */ = {isa = PBXFileReference; lastKnownFileType = sourcecode.swift; path = CharacterDetailScenePresenterTests.swift; sourceTree = "<group>"; };
		A7B680CD26A2EAB700F060AD /* LoginViewController.swift */ = {isa = PBXFileReference; lastKnownFileType = sourcecode.swift; path = LoginViewController.swift; sourceTree = "<group>"; };
		A7B680CF26A2F68600F060AD /* LoginRouter.swift */ = {isa = PBXFileReference; lastKnownFileType = sourcecode.swift; path = LoginRouter.swift; sourceTree = "<group>"; };
		A7B680D126A2FB8C00F060AD /* UIWindow+Ext.swift */ = {isa = PBXFileReference; lastKnownFileType = sourcecode.swift; path = "UIWindow+Ext.swift"; sourceTree = "<group>"; };
		A7B680D326A35DD800F060AD /* GoogleService-Info.plist */ = {isa = PBXFileReference; fileEncoding = 4; lastKnownFileType = text.plist.xml; path = "GoogleService-Info.plist"; sourceTree = "<group>"; };
		A7F7A92826A243FA00E323A6 /* The Rick and Morty Characters.app */ = {isa = PBXFileReference; explicitFileType = wrapper.application; includeInIndex = 0; path = "The Rick and Morty Characters.app"; sourceTree = BUILT_PRODUCTS_DIR; };
		A7F7A92B26A243FA00E323A6 /* AppDelegate.swift */ = {isa = PBXFileReference; lastKnownFileType = sourcecode.swift; path = AppDelegate.swift; sourceTree = "<group>"; };
		A7F7A92D26A243FA00E323A6 /* SceneDelegate.swift */ = {isa = PBXFileReference; lastKnownFileType = sourcecode.swift; path = SceneDelegate.swift; sourceTree = "<group>"; };
		A7F7A93426A243FD00E323A6 /* Assets.xcassets */ = {isa = PBXFileReference; lastKnownFileType = folder.assetcatalog; path = Assets.xcassets; sourceTree = "<group>"; };
		A7F7A93726A243FD00E323A6 /* Base */ = {isa = PBXFileReference; lastKnownFileType = file.storyboard; name = Base; path = Base.lproj/LaunchScreen.storyboard; sourceTree = "<group>"; };
		A7F7A93926A243FD00E323A6 /* Info.plist */ = {isa = PBXFileReference; lastKnownFileType = text.plist.xml; path = Info.plist; sourceTree = "<group>"; };
		A7F7A95426A2480700E323A6 /* CharactersListSceneViewController.swift */ = {isa = PBXFileReference; lastKnownFileType = sourcecode.swift; path = CharactersListSceneViewController.swift; sourceTree = "<group>"; };
		A7F7A95726A24B5300E323A6 /* RickAndMortyAPICaller.swift */ = {isa = PBXFileReference; lastKnownFileType = sourcecode.swift; path = RickAndMortyAPICaller.swift; sourceTree = "<group>"; };
		A7F7A95926A2579D00E323A6 /* CharactersListSceneInteractor.swift */ = {isa = PBXFileReference; lastKnownFileType = sourcecode.swift; path = CharactersListSceneInteractor.swift; sourceTree = "<group>"; };
		A7F7A95B26A2586200E323A6 /* CharactersListSceneModels.swift */ = {isa = PBXFileReference; lastKnownFileType = sourcecode.swift; path = CharactersListSceneModels.swift; sourceTree = "<group>"; };
		A7F7A95D26A259CF00E323A6 /* CharactersListSceneWorker.swift */ = {isa = PBXFileReference; lastKnownFileType = sourcecode.swift; path = CharactersListSceneWorker.swift; sourceTree = "<group>"; };
		A7F7AC8426A38B0B00F47328 /* The Rick and Morty Characters Tests.xctest */ = {isa = PBXFileReference; explicitFileType = wrapper.cfbundle; includeInIndex = 0; path = "The Rick and Morty Characters Tests.xctest"; sourceTree = BUILT_PRODUCTS_DIR; };
		A7F7AC8826A38B0B00F47328 /* Info.plist */ = {isa = PBXFileReference; lastKnownFileType = text.plist.xml; path = Info.plist; sourceTree = "<group>"; };
		A7F7AC9026A38C5300F47328 /* GeneralRouterTests.swift */ = {isa = PBXFileReference; lastKnownFileType = sourcecode.swift; path = GeneralRouterTests.swift; sourceTree = "<group>"; };
		A7F7AC9A26A3A8AE00F47328 /* RickAndMortyAPICallerTests.swift */ = {isa = PBXFileReference; lastKnownFileType = sourcecode.swift; path = RickAndMortyAPICallerTests.swift; sourceTree = "<group>"; };
		A7F7AC9E26A3AA8700F47328 /* charactersPage1.json */ = {isa = PBXFileReference; fileEncoding = 4; lastKnownFileType = text.json; path = charactersPage1.json; sourceTree = "<group>"; };
		A7F7ACA026A3AA8F00F47328 /* charactersPage2.json */ = {isa = PBXFileReference; fileEncoding = 4; lastKnownFileType = text.json; path = charactersPage2.json; sourceTree = "<group>"; };
		A7F7ACA226A3B4CB00F47328 /* URLProtocolMock.swift */ = {isa = PBXFileReference; lastKnownFileType = sourcecode.swift; path = URLProtocolMock.swift; sourceTree = "<group>"; };
		BF2A729EEEF98BF70A480854 /* Pods_The_Rick_and_Morty_Characters.framework */ = {isa = PBXFileReference; explicitFileType = wrapper.framework; includeInIndex = 0; path = Pods_The_Rick_and_Morty_Characters.framework; sourceTree = BUILT_PRODUCTS_DIR; };
		E0138A865DAC2A0F550D91B7 /* Pods-The Rick and Morty Characters-The Rick and Morty Characters Tests.debug.xcconfig */ = {isa = PBXFileReference; includeInIndex = 1; lastKnownFileType = text.xcconfig; name = "Pods-The Rick and Morty Characters-The Rick and Morty Characters Tests.debug.xcconfig"; path = "Target Support Files/Pods-The Rick and Morty Characters-The Rick and Morty Characters Tests/Pods-The Rick and Morty Characters-The Rick and Morty Characters Tests.debug.xcconfig"; sourceTree = "<group>"; };
/* End PBXFileReference section */

/* Begin PBXFrameworksBuildPhase section */
		A7F7A92526A243FA00E323A6 /* Frameworks */ = {
			isa = PBXFrameworksBuildPhase;
			buildActionMask = 2147483647;
			files = (
				602583CFEB480A0BCF3BCEA3 /* Pods_The_Rick_and_Morty_Characters.framework in Frameworks */,
			);
			runOnlyForDeploymentPostprocessing = 0;
		};
		A7F7AC8126A38B0B00F47328 /* Frameworks */ = {
			isa = PBXFrameworksBuildPhase;
			buildActionMask = 2147483647;
			files = (
				0A4AE999D1AA8B5DE9F998C6 /* Pods_The_Rick_and_Morty_Characters_The_Rick_and_Morty_Characters_Tests.framework in Frameworks */,
			);
			runOnlyForDeploymentPostprocessing = 0;
		};
/* End PBXFrameworksBuildPhase section */

/* Begin PBXGroup section */
		7C5914CB8195BDCFCB576068 /* Pods */ = {
			isa = PBXGroup;
			children = (
				A6653B0BB58ABF3828B109AC /* Pods-The Rick and Morty Characters.debug.xcconfig */,
				87B5F7480B45EA8A5E039C0E /* Pods-The Rick and Morty Characters.release.xcconfig */,
				E0138A865DAC2A0F550D91B7 /* Pods-The Rick and Morty Characters-The Rick and Morty Characters Tests.debug.xcconfig */,
				2AD8651085E411EA37B0DE9B /* Pods-The Rick and Morty Characters-The Rick and Morty Characters Tests.release.xcconfig */,
			);
			path = Pods;
			sourceTree = "<group>";
		};
		A72D9A0126A2635E00DF51E0 /* Models */ = {
			isa = PBXGroup;
			children = (
				A72D9A0226A2637F00DF51E0 /* Character.swift */,
				A72D9A0426A2661100DF51E0 /* RickAndMortyAPI.swift */,
			);
			path = Models;
			sourceTree = "<group>";
		};
		A72D9A0826A28E9800DF51E0 /* UI */ = {
			isa = PBXGroup;
			children = (
				A72D9A0926A28ECE00DF51E0 /* RMTableViewCell.swift */,
			);
			path = UI;
			sourceTree = "<group>";
		};
		A72D9A0B26A29DC500DF51E0 /* Extensions */ = {
			isa = PBXGroup;
			children = (
				A72D9A0C26A29DFE00DF51E0 /* UIImageView+Ext.swift */,
				A7B680D126A2FB8C00F060AD /* UIWindow+Ext.swift */,
			);
			path = Extensions;
			sourceTree = "<group>";
		};
		A72D9A0E26A2B2E900DF51E0 /* Detail */ = {
			isa = PBXGroup;
			children = (
				A72D9A0F26A2B31900DF51E0 /* CharacterDetailSceneViewController.swift */,
				A72D9A1626A2BB5200DF51E0 /* CharacterDetailSceneInteractor.swift */,
				A72D9A1826A2BBB200DF51E0 /* CharacterDetailSceneRouter.swift */,
				A72D9A1A26A2BEBD00DF51E0 /* CharacterDetailSceneModels.swift */,
				A72D9A1C26A2BF7A00DF51E0 /* CharacterDetailScenePresenter.swift */,
				A72F30DF26A4B36000F8CACF /* CharacterDetailSceneConfigurator.swift */,
			);
			path = Detail;
			sourceTree = "<group>";
		};
		A72D9A1326A2B84E00DF51E0 /* Router */ = {
			isa = PBXGroup;
			children = (
				A72D9A1426A2B86200DF51E0 /* GeneralRouter.swift */,
			);
			path = Router;
			sourceTree = "<group>";
		};
		A78A8E5C26A3BFDE0047930E /* Scenes */ = {
			isa = PBXGroup;
			children = (
				A78A8E5D26A3BFE50047930E /* Characters */,
			);
			path = Scenes;
			sourceTree = "<group>";
		};
		A78A8E5D26A3BFE50047930E /* Characters */ = {
			isa = PBXGroup;
			children = (
				A78A8E5E26A3BFF10047930E /* Detail */,
			);
			path = Characters;
			sourceTree = "<group>";
		};
		A78A8E5E26A3BFF10047930E /* Detail */ = {
			isa = PBXGroup;
			children = (
				A78A8E5F26A3C00D0047930E /* CharacterDetailSceneInteractorTests.swift */,
				A78A8E6126A3C2E60047930E /* CharacterDetailScenePresenterTests.swift */,
			);
			path = Detail;
			sourceTree = "<group>";
		};
		A7B680CC26A2EA9900F060AD /* Login */ = {
			isa = PBXGroup;
			children = (
				A7B680CD26A2EAB700F060AD /* LoginViewController.swift */,
				A7B680CF26A2F68600F060AD /* LoginRouter.swift */,
				A72F30E126A4B46E00F8CACF /* LoginConfigurator.swift */,
			);
			path = Login;
			sourceTree = "<group>";
		};
		A7F7A91F26A243FA00E323A6 = {
			isa = PBXGroup;
			children = (
				A7F7A92A26A243FA00E323A6 /* The Rick and Morty Characters */,
				A7F7AC8526A38B0B00F47328 /* The Rick and Morty Characters Tests */,
				A7F7A92926A243FA00E323A6 /* Products */,
				7C5914CB8195BDCFCB576068 /* Pods */,
				B675972A12C3916D6FCDA73A /* Frameworks */,
			);
			sourceTree = "<group>";
		};
		A7F7A92926A243FA00E323A6 /* Products */ = {
			isa = PBXGroup;
			children = (
				A7F7A92826A243FA00E323A6 /* The Rick and Morty Characters.app */,
				A7F7AC8426A38B0B00F47328 /* The Rick and Morty Characters Tests.xctest */,
			);
			name = Products;
			sourceTree = "<group>";
		};
		A7F7A92A26A243FA00E323A6 /* The Rick and Morty Characters */ = {
			isa = PBXGroup;
			children = (
				A7F7A94026A244F900E323A6 /* Foundation */,
				A7F7A93F26A244AF00E323A6 /* Resources */,
				A7F7A94226A2451B00E323A6 /* Common */,
				A7F7A94326A2452A00E323A6 /* Scenes */,
				A7F7A93926A243FD00E323A6 /* Info.plist */,
				A7B680D326A35DD800F060AD /* GoogleService-Info.plist */,
			);
			path = "The Rick and Morty Characters";
			sourceTree = "<group>";
		};
		A7F7A93F26A244AF00E323A6 /* Resources */ = {
			isa = PBXGroup;
			children = (
				A7F7A93426A243FD00E323A6 /* Assets.xcassets */,
				A7F7A92B26A243FA00E323A6 /* AppDelegate.swift */,
				A7F7A92D26A243FA00E323A6 /* SceneDelegate.swift */,
			);
			path = Resources;
			sourceTree = "<group>";
		};
		A7F7A94026A244F900E323A6 /* Foundation */ = {
			isa = PBXGroup;
			children = (
				A72D9A0B26A29DC500DF51E0 /* Extensions */,
				A72D9A0826A28E9800DF51E0 /* UI */,
				A7F7A94126A2450400E323A6 /* Views */,
			);
			path = Foundation;
			sourceTree = "<group>";
		};
		A7F7A94126A2450400E323A6 /* Views */ = {
			isa = PBXGroup;
			children = (
				A7F7A93626A243FD00E323A6 /* LaunchScreen.storyboard */,
			);
			path = Views;
			sourceTree = "<group>";
		};
		A7F7A94226A2451B00E323A6 /* Common */ = {
			isa = PBXGroup;
			children = (
				A72D9A1326A2B84E00DF51E0 /* Router */,
				A72D9A0126A2635E00DF51E0 /* Models */,
				A7F7A95626A24B3400E323A6 /* Services */,
			);
			path = Common;
			sourceTree = "<group>";
		};
		A7F7A94326A2452A00E323A6 /* Scenes */ = {
			isa = PBXGroup;
			children = (
				A7B680CC26A2EA9900F060AD /* Login */,
				A7F7A94426A2453800E323A6 /* Characters */,
			);
			path = Scenes;
			sourceTree = "<group>";
		};
		A7F7A94426A2453800E323A6 /* Characters */ = {
			isa = PBXGroup;
			children = (
				A72D9A0E26A2B2E900DF51E0 /* Detail */,
				A7F7A94526A2454000E323A6 /* List */,
			);
			path = Characters;
			sourceTree = "<group>";
		};
		A7F7A94526A2454000E323A6 /* List */ = {
			isa = PBXGroup;
			children = (
				A7F7A95426A2480700E323A6 /* CharactersListSceneViewController.swift */,
				A7F7A95926A2579D00E323A6 /* CharactersListSceneInteractor.swift */,
				A7F7A95B26A2586200E323A6 /* CharactersListSceneModels.swift */,
				A7F7A95D26A259CF00E323A6 /* CharactersListSceneWorker.swift */,
				A72D9A0626A26A8800DF51E0 /* CharactersListScenePresenter.swift */,
				A72D9A1126A2B72C00DF51E0 /* CharactersListSceneRouter.swift */,
				A72F30DD26A4AD3200F8CACF /* CharactersListSceneConfigurator.swift */,
			);
			path = List;
			sourceTree = "<group>";
		};
		A7F7A95626A24B3400E323A6 /* Services */ = {
			isa = PBXGroup;
			children = (
				A7F7A95726A24B5300E323A6 /* RickAndMortyAPICaller.swift */,
			);
			path = Services;
			sourceTree = "<group>";
		};
		A7F7AC8526A38B0B00F47328 /* The Rick and Morty Characters Tests */ = {
			isa = PBXGroup;
			children = (
				A7F7AC9C26A3AA0100F47328 /* Mock */,
				A78A8E5C26A3BFDE0047930E /* Scenes */,
				A7F7AC8E26A38C2200F47328 /* Common */,
				A7F7AC8826A38B0B00F47328 /* Info.plist */,
			);
			path = "The Rick and Morty Characters Tests";
			sourceTree = "<group>";
		};
		A7F7AC8E26A38C2200F47328 /* Common */ = {
			isa = PBXGroup;
			children = (
				A7F7AC9926A3A74E00F47328 /* Services */,
				A7F7AC8F26A38C2900F47328 /* Router */,
			);
			path = Common;
			sourceTree = "<group>";
		};
		A7F7AC8F26A38C2900F47328 /* Router */ = {
			isa = PBXGroup;
			children = (
				A7F7AC9026A38C5300F47328 /* GeneralRouterTests.swift */,
			);
			path = Router;
			sourceTree = "<group>";
		};
		A7F7AC9926A3A74E00F47328 /* Services */ = {
			isa = PBXGroup;
			children = (
				A7F7AC9A26A3A8AE00F47328 /* RickAndMortyAPICallerTests.swift */,
			);
			path = Services;
			sourceTree = "<group>";
		};
		A7F7AC9C26A3AA0100F47328 /* Mock */ = {
			isa = PBXGroup;
			children = (
				A7F7AC9D26A3AA0700F47328 /* Data */,
				A7F7ACA226A3B4CB00F47328 /* URLProtocolMock.swift */,
			);
			path = Mock;
			sourceTree = "<group>";
		};
		A7F7AC9D26A3AA0700F47328 /* Data */ = {
			isa = PBXGroup;
			children = (
				A7F7AC9E26A3AA8700F47328 /* charactersPage1.json */,
				A7F7ACA026A3AA8F00F47328 /* charactersPage2.json */,
			);
			path = Data;
			sourceTree = "<group>";
		};
		B675972A12C3916D6FCDA73A /* Frameworks */ = {
			isa = PBXGroup;
			children = (
				BF2A729EEEF98BF70A480854 /* Pods_The_Rick_and_Morty_Characters.framework */,
				A01459BE7B40C6BF4E950FA8 /* Pods_The_Rick_and_Morty_Characters_The_Rick_and_Morty_Characters_Tests.framework */,
			);
			name = Frameworks;
			sourceTree = "<group>";
		};
/* End PBXGroup section */

/* Begin PBXNativeTarget section */
		A7F7A92726A243FA00E323A6 /* The Rick and Morty Characters */ = {
			isa = PBXNativeTarget;
			buildConfigurationList = A7F7A93C26A243FD00E323A6 /* Build configuration list for PBXNativeTarget "The Rick and Morty Characters" */;
			buildPhases = (
				38F386801E1927DE14ACE4CD /* [CP] Check Pods Manifest.lock */,
				A7F7A92426A243FA00E323A6 /* Sources */,
				A7F7A92526A243FA00E323A6 /* Frameworks */,
				A7F7A92626A243FA00E323A6 /* Resources */,
				D0B94BFD4A587BB85C887EEF /* [CP] Embed Pods Frameworks */,
				A782BC1026A2DCC5009B6397 /* ShellScript */,
			);
			buildRules = (
			);
			dependencies = (
			);
			name = "The Rick and Morty Characters";
			productName = "The Rick and Morty Characters";
			productReference = A7F7A92826A243FA00E323A6 /* The Rick and Morty Characters.app */;
			productType = "com.apple.product-type.application";
		};
		A7F7AC8326A38B0B00F47328 /* The Rick and Morty Characters Tests */ = {
			isa = PBXNativeTarget;
			buildConfigurationList = A7F7AC8D26A38B0B00F47328 /* Build configuration list for PBXNativeTarget "The Rick and Morty Characters Tests" */;
			buildPhases = (
				650BACB6CBD4E1B29CA73389 /* [CP] Check Pods Manifest.lock */,
				A7F7AC8026A38B0B00F47328 /* Sources */,
				A7F7AC8126A38B0B00F47328 /* Frameworks */,
				A7F7AC8226A38B0B00F47328 /* Resources */,
				A2415ACC37777D478A5ABCAB /* [CP] Embed Pods Frameworks */,
			);
			buildRules = (
			);
			dependencies = (
				A7F7AC8A26A38B0B00F47328 /* PBXTargetDependency */,
			);
			name = "The Rick and Morty Characters Tests";
			productName = "The Rick and Morty Characters Tests";
			productReference = A7F7AC8426A38B0B00F47328 /* The Rick and Morty Characters Tests.xctest */;
			productType = "com.apple.product-type.bundle.unit-test";
		};
/* End PBXNativeTarget section */

/* Begin PBXProject section */
		A7F7A92026A243FA00E323A6 /* Project object */ = {
			isa = PBXProject;
			attributes = {
				LastSwiftUpdateCheck = 1250;
				LastUpgradeCheck = 1250;
				TargetAttributes = {
					A7F7A92726A243FA00E323A6 = {
						CreatedOnToolsVersion = 12.5.1;
					};
					A7F7AC8326A38B0B00F47328 = {
						CreatedOnToolsVersion = 12.5.1;
						TestTargetID = A7F7A92726A243FA00E323A6;
					};
				};
			};
			buildConfigurationList = A7F7A92326A243FA00E323A6 /* Build configuration list for PBXProject "The Rick and Morty Characters" */;
			compatibilityVersion = "Xcode 9.3";
			developmentRegion = en;
			hasScannedForEncodings = 0;
			knownRegions = (
				en,
				Base,
			);
			mainGroup = A7F7A91F26A243FA00E323A6;
			productRefGroup = A7F7A92926A243FA00E323A6 /* Products */;
			projectDirPath = "";
			projectRoot = "";
			targets = (
				A7F7A92726A243FA00E323A6 /* The Rick and Morty Characters */,
				A7F7AC8326A38B0B00F47328 /* The Rick and Morty Characters Tests */,
			);
		};
/* End PBXProject section */

/* Begin PBXResourcesBuildPhase section */
		A7F7A92626A243FA00E323A6 /* Resources */ = {
			isa = PBXResourcesBuildPhase;
			buildActionMask = 2147483647;
			files = (
				A7F7A93826A243FD00E323A6 /* LaunchScreen.storyboard in Resources */,
				A7F7A93526A243FD00E323A6 /* Assets.xcassets in Resources */,
				A7B680D426A35DD800F060AD /* GoogleService-Info.plist in Resources */,
			);
			runOnlyForDeploymentPostprocessing = 0;
		};
		A7F7AC8226A38B0B00F47328 /* Resources */ = {
			isa = PBXResourcesBuildPhase;
			buildActionMask = 2147483647;
			files = (
				A7F7AC9F26A3AA8700F47328 /* charactersPage1.json in Resources */,
				A7F7ACA126A3AA9000F47328 /* charactersPage2.json in Resources */,
			);
			runOnlyForDeploymentPostprocessing = 0;
		};
/* End PBXResourcesBuildPhase section */

/* Begin PBXShellScriptBuildPhase section */
		38F386801E1927DE14ACE4CD /* [CP] Check Pods Manifest.lock */ = {
			isa = PBXShellScriptBuildPhase;
			buildActionMask = 2147483647;
			files = (
			);
			inputFileListPaths = (
			);
			inputPaths = (
				"${PODS_PODFILE_DIR_PATH}/Podfile.lock",
				"${PODS_ROOT}/Manifest.lock",
			);
			name = "[CP] Check Pods Manifest.lock";
			outputFileListPaths = (
			);
			outputPaths = (
				"$(DERIVED_FILE_DIR)/Pods-The Rick and Morty Characters-checkManifestLockResult.txt",
			);
			runOnlyForDeploymentPostprocessing = 0;
			shellPath = /bin/sh;
			shellScript = "diff \"${PODS_PODFILE_DIR_PATH}/Podfile.lock\" \"${PODS_ROOT}/Manifest.lock\" > /dev/null\nif [ $? != 0 ] ; then\n    # print error to STDERR\n    echo \"error: The sandbox is not in sync with the Podfile.lock. Run 'pod install' or update your CocoaPods installation.\" >&2\n    exit 1\nfi\n# This output is used by Xcode 'outputs' to avoid re-running this script phase.\necho \"SUCCESS\" > \"${SCRIPT_OUTPUT_FILE_0}\"\n";
			showEnvVarsInLog = 0;
		};
		650BACB6CBD4E1B29CA73389 /* [CP] Check Pods Manifest.lock */ = {
			isa = PBXShellScriptBuildPhase;
			buildActionMask = 2147483647;
			files = (
			);
			inputFileListPaths = (
			);
			inputPaths = (
				"${PODS_PODFILE_DIR_PATH}/Podfile.lock",
				"${PODS_ROOT}/Manifest.lock",
			);
			name = "[CP] Check Pods Manifest.lock";
			outputFileListPaths = (
			);
			outputPaths = (
				"$(DERIVED_FILE_DIR)/Pods-The Rick and Morty Characters-The Rick and Morty Characters Tests-checkManifestLockResult.txt",
			);
			runOnlyForDeploymentPostprocessing = 0;
			shellPath = /bin/sh;
			shellScript = "diff \"${PODS_PODFILE_DIR_PATH}/Podfile.lock\" \"${PODS_ROOT}/Manifest.lock\" > /dev/null\nif [ $? != 0 ] ; then\n    # print error to STDERR\n    echo \"error: The sandbox is not in sync with the Podfile.lock. Run 'pod install' or update your CocoaPods installation.\" >&2\n    exit 1\nfi\n# This output is used by Xcode 'outputs' to avoid re-running this script phase.\necho \"SUCCESS\" > \"${SCRIPT_OUTPUT_FILE_0}\"\n";
			showEnvVarsInLog = 0;
		};
		A2415ACC37777D478A5ABCAB /* [CP] Embed Pods Frameworks */ = {
			isa = PBXShellScriptBuildPhase;
			buildActionMask = 2147483647;
			files = (
			);
			inputFileListPaths = (
				"${PODS_ROOT}/Target Support Files/Pods-The Rick and Morty Characters-The Rick and Morty Characters Tests/Pods-The Rick and Morty Characters-The Rick and Morty Characters Tests-frameworks-${CONFIGURATION}-input-files.xcfilelist",
			);
			name = "[CP] Embed Pods Frameworks";
			outputFileListPaths = (
				"${PODS_ROOT}/Target Support Files/Pods-The Rick and Morty Characters-The Rick and Morty Characters Tests/Pods-The Rick and Morty Characters-The Rick and Morty Characters Tests-frameworks-${CONFIGURATION}-output-files.xcfilelist",
			);
			runOnlyForDeploymentPostprocessing = 0;
			shellPath = /bin/sh;
			shellScript = "\"${PODS_ROOT}/Target Support Files/Pods-The Rick and Morty Characters-The Rick and Morty Characters Tests/Pods-The Rick and Morty Characters-The Rick and Morty Characters Tests-frameworks.sh\"\n";
			showEnvVarsInLog = 0;
		};
		A782BC1026A2DCC5009B6397 /* ShellScript */ = {
			isa = PBXShellScriptBuildPhase;
			buildActionMask = 2147483647;
			files = (
			);
			inputFileListPaths = (
			);
			inputPaths = (
				"${DWARF_DSYM_FOLDER_PATH}/${DWARF_DSYM_FILE_NAME}/Contents/Resources/DWARF/${TARGET_NAME}",
				"$(SRCROOT)/$(BUILT_PRODUCTS_DIR)/$(INFOPLIST_PATH)",
			);
			outputFileListPaths = (
			);
			outputPaths = (
			);
			runOnlyForDeploymentPostprocessing = 0;
			shellPath = /bin/sh;
			shellScript = "# Type a script or drag a script file from your workspace to insert its path.\n\"${PODS_ROOT}/FirebaseCrashlytics/run\"\n";
		};
		D0B94BFD4A587BB85C887EEF /* [CP] Embed Pods Frameworks */ = {
			isa = PBXShellScriptBuildPhase;
			buildActionMask = 2147483647;
			files = (
			);
			inputFileListPaths = (
				"${PODS_ROOT}/Target Support Files/Pods-The Rick and Morty Characters/Pods-The Rick and Morty Characters-frameworks-${CONFIGURATION}-input-files.xcfilelist",
			);
			name = "[CP] Embed Pods Frameworks";
			outputFileListPaths = (
				"${PODS_ROOT}/Target Support Files/Pods-The Rick and Morty Characters/Pods-The Rick and Morty Characters-frameworks-${CONFIGURATION}-output-files.xcfilelist",
			);
			runOnlyForDeploymentPostprocessing = 0;
			shellPath = /bin/sh;
			shellScript = "\"${PODS_ROOT}/Target Support Files/Pods-The Rick and Morty Characters/Pods-The Rick and Morty Characters-frameworks.sh\"\n";
			showEnvVarsInLog = 0;
		};
/* End PBXShellScriptBuildPhase section */

/* Begin PBXSourcesBuildPhase section */
		A7F7A92426A243FA00E323A6 /* Sources */ = {
			isa = PBXSourcesBuildPhase;
			buildActionMask = 2147483647;
			files = (
				A7F7A95526A2480700E323A6 /* CharactersListSceneViewController.swift in Sources */,
				A7F7A95A26A2579D00E323A6 /* CharactersListSceneInteractor.swift in Sources */,
				A72F30E026A4B36000F8CACF /* CharacterDetailSceneConfigurator.swift in Sources */,
				A72D9A1926A2BBB200DF51E0 /* CharacterDetailSceneRouter.swift in Sources */,
				A72D9A1026A2B31900DF51E0 /* CharacterDetailSceneViewController.swift in Sources */,
				A72D9A1B26A2BEBD00DF51E0 /* CharacterDetailSceneModels.swift in Sources */,
				A7B680D026A2F68600F060AD /* LoginRouter.swift in Sources */,
				A7F7A92C26A243FA00E323A6 /* AppDelegate.swift in Sources */,
				A72D9A1526A2B86200DF51E0 /* GeneralRouter.swift in Sources */,
				A7F7A92E26A243FA00E323A6 /* SceneDelegate.swift in Sources */,
				A7B680CE26A2EAB700F060AD /* LoginViewController.swift in Sources */,
				A72F30DE26A4AD3200F8CACF /* CharactersListSceneConfigurator.swift in Sources */,
				A72D9A0526A2661100DF51E0 /* RickAndMortyAPI.swift in Sources */,
				A7F7A95C26A2586200E323A6 /* CharactersListSceneModels.swift in Sources */,
				A72D9A1726A2BB5200DF51E0 /* CharacterDetailSceneInteractor.swift in Sources */,
				A7F7A95E26A259CF00E323A6 /* CharactersListSceneWorker.swift in Sources */,
				A72D9A0726A26A8800DF51E0 /* CharactersListScenePresenter.swift in Sources */,
				A72D9A0A26A28ECE00DF51E0 /* RMTableViewCell.swift in Sources */,
				A72D9A1D26A2BF7B00DF51E0 /* CharacterDetailScenePresenter.swift in Sources */,
				A7B680D226A2FB8C00F060AD /* UIWindow+Ext.swift in Sources */,
				A72D9A0D26A29DFE00DF51E0 /* UIImageView+Ext.swift in Sources */,
				A72D9A1226A2B72C00DF51E0 /* CharactersListSceneRouter.swift in Sources */,
				A7F7A95826A24B5300E323A6 /* RickAndMortyAPICaller.swift in Sources */,
				A72F30E226A4B46E00F8CACF /* LoginConfigurator.swift in Sources */,
				A72D9A0326A2637F00DF51E0 /* Character.swift in Sources */,
			);
			runOnlyForDeploymentPostprocessing = 0;
		};
		A7F7AC8026A38B0B00F47328 /* Sources */ = {
			isa = PBXSourcesBuildPhase;
			buildActionMask = 2147483647;
			files = (
				A78A8E6026A3C00D0047930E /* CharacterDetailSceneInteractorTests.swift in Sources */,
				A78A8E6226A3C2E60047930E /* CharacterDetailScenePresenterTests.swift in Sources */,
				A7F7AC9B26A3A8AE00F47328 /* RickAndMortyAPICallerTests.swift in Sources */,
				A7F7ACA326A3B4CB00F47328 /* URLProtocolMock.swift in Sources */,
				A7F7AC9126A38C5300F47328 /* GeneralRouterTests.swift in Sources */,
			);
			runOnlyForDeploymentPostprocessing = 0;
		};
/* End PBXSourcesBuildPhase section */

/* Begin PBXTargetDependency section */
		A7F7AC8A26A38B0B00F47328 /* PBXTargetDependency */ = {
			isa = PBXTargetDependency;
			target = A7F7A92726A243FA00E323A6 /* The Rick and Morty Characters */;
			targetProxy = A7F7AC8926A38B0B00F47328 /* PBXContainerItemProxy */;
		};
/* End PBXTargetDependency section */

/* Begin PBXVariantGroup section */
		A7F7A93626A243FD00E323A6 /* LaunchScreen.storyboard */ = {
			isa = PBXVariantGroup;
			children = (
				A7F7A93726A243FD00E323A6 /* Base */,
			);
			name = LaunchScreen.storyboard;
			sourceTree = "<group>";
		};
/* End PBXVariantGroup section */

/* Begin XCBuildConfiguration section */
		A7F7A93A26A243FD00E323A6 /* Debug */ = {
			isa = XCBuildConfiguration;
			buildSettings = {
				ALWAYS_SEARCH_USER_PATHS = NO;
				CLANG_ANALYZER_NONNULL = YES;
				CLANG_ANALYZER_NUMBER_OBJECT_CONVERSION = YES_AGGRESSIVE;
				CLANG_CXX_LANGUAGE_STANDARD = "gnu++14";
				CLANG_CXX_LIBRARY = "libc++";
				CLANG_ENABLE_MODULES = YES;
				CLANG_ENABLE_OBJC_ARC = YES;
				CLANG_ENABLE_OBJC_WEAK = YES;
				CLANG_WARN_BLOCK_CAPTURE_AUTORELEASING = YES;
				CLANG_WARN_BOOL_CONVERSION = YES;
				CLANG_WARN_COMMA = YES;
				CLANG_WARN_CONSTANT_CONVERSION = YES;
				CLANG_WARN_DEPRECATED_OBJC_IMPLEMENTATIONS = YES;
				CLANG_WARN_DIRECT_OBJC_ISA_USAGE = YES_ERROR;
				CLANG_WARN_DOCUMENTATION_COMMENTS = YES;
				CLANG_WARN_EMPTY_BODY = YES;
				CLANG_WARN_ENUM_CONVERSION = YES;
				CLANG_WARN_INFINITE_RECURSION = YES;
				CLANG_WARN_INT_CONVERSION = YES;
				CLANG_WARN_NON_LITERAL_NULL_CONVERSION = YES;
				CLANG_WARN_OBJC_IMPLICIT_RETAIN_SELF = YES;
				CLANG_WARN_OBJC_LITERAL_CONVERSION = YES;
				CLANG_WARN_OBJC_ROOT_CLASS = YES_ERROR;
				CLANG_WARN_QUOTED_INCLUDE_IN_FRAMEWORK_HEADER = YES;
				CLANG_WARN_RANGE_LOOP_ANALYSIS = YES;
				CLANG_WARN_STRICT_PROTOTYPES = YES;
				CLANG_WARN_SUSPICIOUS_MOVE = YES;
				CLANG_WARN_UNGUARDED_AVAILABILITY = YES_AGGRESSIVE;
				CLANG_WARN_UNREACHABLE_CODE = YES;
				CLANG_WARN__DUPLICATE_METHOD_MATCH = YES;
				COPY_PHASE_STRIP = NO;
				DEBUG_INFORMATION_FORMAT = dwarf;
				ENABLE_STRICT_OBJC_MSGSEND = YES;
				ENABLE_TESTABILITY = YES;
				GCC_C_LANGUAGE_STANDARD = gnu11;
				GCC_DYNAMIC_NO_PIC = NO;
				GCC_NO_COMMON_BLOCKS = YES;
				GCC_OPTIMIZATION_LEVEL = 0;
				GCC_PREPROCESSOR_DEFINITIONS = (
					"DEBUG=1",
					"$(inherited)",
				);
				GCC_WARN_64_TO_32_BIT_CONVERSION = YES;
				GCC_WARN_ABOUT_RETURN_TYPE = YES_ERROR;
				GCC_WARN_UNDECLARED_SELECTOR = YES;
				GCC_WARN_UNINITIALIZED_AUTOS = YES_AGGRESSIVE;
				GCC_WARN_UNUSED_FUNCTION = YES;
				GCC_WARN_UNUSED_VARIABLE = YES;
				IPHONEOS_DEPLOYMENT_TARGET = 14.5;
				MTL_ENABLE_DEBUG_INFO = INCLUDE_SOURCE;
				MTL_FAST_MATH = YES;
				ONLY_ACTIVE_ARCH = YES;
				SDKROOT = iphoneos;
				SWIFT_ACTIVE_COMPILATION_CONDITIONS = DEBUG;
				SWIFT_OPTIMIZATION_LEVEL = "-Onone";
			};
			name = Debug;
		};
		A7F7A93B26A243FD00E323A6 /* Release */ = {
			isa = XCBuildConfiguration;
			buildSettings = {
				ALWAYS_SEARCH_USER_PATHS = NO;
				CLANG_ANALYZER_NONNULL = YES;
				CLANG_ANALYZER_NUMBER_OBJECT_CONVERSION = YES_AGGRESSIVE;
				CLANG_CXX_LANGUAGE_STANDARD = "gnu++14";
				CLANG_CXX_LIBRARY = "libc++";
				CLANG_ENABLE_MODULES = YES;
				CLANG_ENABLE_OBJC_ARC = YES;
				CLANG_ENABLE_OBJC_WEAK = YES;
				CLANG_WARN_BLOCK_CAPTURE_AUTORELEASING = YES;
				CLANG_WARN_BOOL_CONVERSION = YES;
				CLANG_WARN_COMMA = YES;
				CLANG_WARN_CONSTANT_CONVERSION = YES;
				CLANG_WARN_DEPRECATED_OBJC_IMPLEMENTATIONS = YES;
				CLANG_WARN_DIRECT_OBJC_ISA_USAGE = YES_ERROR;
				CLANG_WARN_DOCUMENTATION_COMMENTS = YES;
				CLANG_WARN_EMPTY_BODY = YES;
				CLANG_WARN_ENUM_CONVERSION = YES;
				CLANG_WARN_INFINITE_RECURSION = YES;
				CLANG_WARN_INT_CONVERSION = YES;
				CLANG_WARN_NON_LITERAL_NULL_CONVERSION = YES;
				CLANG_WARN_OBJC_IMPLICIT_RETAIN_SELF = YES;
				CLANG_WARN_OBJC_LITERAL_CONVERSION = YES;
				CLANG_WARN_OBJC_ROOT_CLASS = YES_ERROR;
				CLANG_WARN_QUOTED_INCLUDE_IN_FRAMEWORK_HEADER = YES;
				CLANG_WARN_RANGE_LOOP_ANALYSIS = YES;
				CLANG_WARN_STRICT_PROTOTYPES = YES;
				CLANG_WARN_SUSPICIOUS_MOVE = YES;
				CLANG_WARN_UNGUARDED_AVAILABILITY = YES_AGGRESSIVE;
				CLANG_WARN_UNREACHABLE_CODE = YES;
				CLANG_WARN__DUPLICATE_METHOD_MATCH = YES;
				COPY_PHASE_STRIP = NO;
				DEBUG_INFORMATION_FORMAT = "dwarf-with-dsym";
				ENABLE_NS_ASSERTIONS = NO;
				ENABLE_STRICT_OBJC_MSGSEND = YES;
				GCC_C_LANGUAGE_STANDARD = gnu11;
				GCC_NO_COMMON_BLOCKS = YES;
				GCC_WARN_64_TO_32_BIT_CONVERSION = YES;
				GCC_WARN_ABOUT_RETURN_TYPE = YES_ERROR;
				GCC_WARN_UNDECLARED_SELECTOR = YES;
				GCC_WARN_UNINITIALIZED_AUTOS = YES_AGGRESSIVE;
				GCC_WARN_UNUSED_FUNCTION = YES;
				GCC_WARN_UNUSED_VARIABLE = YES;
				IPHONEOS_DEPLOYMENT_TARGET = 14.5;
				MTL_ENABLE_DEBUG_INFO = NO;
				MTL_FAST_MATH = YES;
				SDKROOT = iphoneos;
				SWIFT_COMPILATION_MODE = wholemodule;
				SWIFT_OPTIMIZATION_LEVEL = "-O";
				VALIDATE_PRODUCT = YES;
			};
			name = Release;
		};
		A7F7A93D26A243FD00E323A6 /* Debug */ = {
			isa = XCBuildConfiguration;
			baseConfigurationReference = A6653B0BB58ABF3828B109AC /* Pods-The Rick and Morty Characters.debug.xcconfig */;
			buildSettings = {
				ASSETCATALOG_COMPILER_APPICON_NAME = AppIcon;
				ASSETCATALOG_COMPILER_GLOBAL_ACCENT_COLOR_NAME = AccentColor;
				CODE_SIGN_STYLE = Automatic;
				DEBUG_INFORMATION_FORMAT = "dwarf-with-dsym";
				DEVELOPMENT_TEAM = 3QK57NS3H7;
				INFOPLIST_FILE = "The Rick and Morty Characters/Info.plist";
				LD_RUNPATH_SEARCH_PATHS = (
					"$(inherited)",
					"@executable_path/Frameworks",
				);
				PRODUCT_BUNDLE_IDENTIFIER = "com.braindaamage.The-Rick-and-Morty-Characters";
				PRODUCT_NAME = "$(TARGET_NAME)";
				SWIFT_VERSION = 5.0;
				TARGETED_DEVICE_FAMILY = "1,2";
			};
			name = Debug;
		};
		A7F7A93E26A243FD00E323A6 /* Release */ = {
			isa = XCBuildConfiguration;
			baseConfigurationReference = 87B5F7480B45EA8A5E039C0E /* Pods-The Rick and Morty Characters.release.xcconfig */;
			buildSettings = {
				ASSETCATALOG_COMPILER_APPICON_NAME = AppIcon;
				ASSETCATALOG_COMPILER_GLOBAL_ACCENT_COLOR_NAME = AccentColor;
				CODE_SIGN_STYLE = Automatic;
				DEBUG_INFORMATION_FORMAT = "dwarf-with-dsym";
				DEVELOPMENT_TEAM = 3QK57NS3H7;
				INFOPLIST_FILE = "The Rick and Morty Characters/Info.plist";
				LD_RUNPATH_SEARCH_PATHS = (
					"$(inherited)",
					"@executable_path/Frameworks",
				);
				PRODUCT_BUNDLE_IDENTIFIER = "com.braindaamage.The-Rick-and-Morty-Characters";
				PRODUCT_NAME = "$(TARGET_NAME)";
				SWIFT_VERSION = 5.0;
				TARGETED_DEVICE_FAMILY = "1,2";
			};
			name = Release;
		};
		A7F7AC8B26A38B0B00F47328 /* Debug */ = {
			isa = XCBuildConfiguration;
			baseConfigurationReference = E0138A865DAC2A0F550D91B7 /* Pods-The Rick and Morty Characters-The Rick and Morty Characters Tests.debug.xcconfig */;
			buildSettings = {
				BUNDLE_LOADER = "$(TEST_HOST)";
				CODE_SIGN_STYLE = Automatic;
				DEVELOPMENT_TEAM = 3QK57NS3H7;
				INFOPLIST_FILE = "The Rick and Morty Characters Tests/Info.plist";
				LD_RUNPATH_SEARCH_PATHS = (
					"$(inherited)",
					"@executable_path/Frameworks",
					"@loader_path/Frameworks",
				);
				PRODUCT_BUNDLE_IDENTIFIER = "com.braindaamage.The-Rick-and-Morty-Characters-Tests";
				PRODUCT_NAME = "$(TARGET_NAME)";
				SWIFT_VERSION = 5.0;
				TARGETED_DEVICE_FAMILY = "1,2";
				TEST_HOST = "$(BUILT_PRODUCTS_DIR)/The Rick and Morty Characters.app/The Rick and Morty Characters";
			};
			name = Debug;
		};
		A7F7AC8C26A38B0B00F47328 /* Release */ = {
			isa = XCBuildConfiguration;
			baseConfigurationReference = 2AD8651085E411EA37B0DE9B /* Pods-The Rick and Morty Characters-The Rick and Morty Characters Tests.release.xcconfig */;
			buildSettings = {
				BUNDLE_LOADER = "$(TEST_HOST)";
				CODE_SIGN_STYLE = Automatic;
				DEVELOPMENT_TEAM = 3QK57NS3H7;
				INFOPLIST_FILE = "The Rick and Morty Characters Tests/Info.plist";
				LD_RUNPATH_SEARCH_PATHS = (
					"$(inherited)",
					"@executable_path/Frameworks",
					"@loader_path/Frameworks",
				);
				PRODUCT_BUNDLE_IDENTIFIER = "com.braindaamage.The-Rick-and-Morty-Characters-Tests";
				PRODUCT_NAME = "$(TARGET_NAME)";
				SWIFT_VERSION = 5.0;
				TARGETED_DEVICE_FAMILY = "1,2";
				TEST_HOST = "$(BUILT_PRODUCTS_DIR)/The Rick and Morty Characters.app/The Rick and Morty Characters";
			};
			name = Release;
		};
/* End XCBuildConfiguration section */

/* Begin XCConfigurationList section */
		A7F7A92326A243FA00E323A6 /* Build configuration list for PBXProject "The Rick and Morty Characters" */ = {
			isa = XCConfigurationList;
			buildConfigurations = (
				A7F7A93A26A243FD00E323A6 /* Debug */,
				A7F7A93B26A243FD00E323A6 /* Release */,
			);
			defaultConfigurationIsVisible = 0;
			defaultConfigurationName = Release;
		};
		A7F7A93C26A243FD00E323A6 /* Build configuration list for PBXNativeTarget "The Rick and Morty Characters" */ = {
			isa = XCConfigurationList;
			buildConfigurations = (
				A7F7A93D26A243FD00E323A6 /* Debug */,
				A7F7A93E26A243FD00E323A6 /* Release */,
			);
			defaultConfigurationIsVisible = 0;
			defaultConfigurationName = Release;
		};
		A7F7AC8D26A38B0B00F47328 /* Build configuration list for PBXNativeTarget "The Rick and Morty Characters Tests" */ = {
			isa = XCConfigurationList;
			buildConfigurations = (
				A7F7AC8B26A38B0B00F47328 /* Debug */,
				A7F7AC8C26A38B0B00F47328 /* Release */,
			);
			defaultConfigurationIsVisible = 0;
			defaultConfigurationName = Release;
		};
/* End XCConfigurationList section */
	};
	rootObject = A7F7A92026A243FA00E323A6 /* Project object */;
}
